
Microsoft Visual Studio Solution File, Format Version 12.00
# Visual Studio 15
VisualStudioVersion = 15.0.27130.2010
MinimumVisualStudioVersion = 10.0.40219.1
Project("{FAE04EC0-301F-11D3-BF4B-00C04F79EFBC}") = "Clock", "Clock\Clock.csproj", "{446FFC76-771D-4908-9070-65772FC2A3EF}"
EndProject
Global
	GlobalSection(SolutionConfigurationPlatforms) = preSolution
		Debug|Any CPU = Debug|Any CPU
		Release|Any CPU = Release|Any CPU
	EndGlobalSection
	GlobalSection(ProjectConfigurationPlatforms) = postSolution
		{446FFC76-771D-4908-9070-65772FC2A3EF}.Debug|Any CPU.ActiveCfg = Debug|Any CPU
		{446FFC76-771D-4908-9070-65772FC2A3EF}.Debug|Any CPU.Build.0 = Debug|Any CPU
		{446FFC76-771D-4908-9070-65772FC2A3EF}.Release|Any CPU.ActiveCfg = Release|Any CPU
		{446FFC76-771D-4908-9070-65772FC2A3EF}.Release|Any CPU.Build.0 = Release|Any CPU
	EndGlobalSection
	GlobalSection(SolutionProperties) = preSolution
		HideSolutionNode = FALSE
	EndGlobalSection
	GlobalSection(ExtensibilityGlobals) = postSolution
		SolutionGuid = {86E70953-FA8E-47EB-8F3B-D9CAB843A4C7}
	EndGlobalSection
EndGlobal
